
Microsoft Visual Studio Solution File, Format Version 12.00
# Visual Studio 15
VisualStudioVersion = 15.0.27428.2002
MinimumVisualStudioVersion = 10.0.40219.1
Project("{FAE04EC0-301F-11D3-BF4B-00C04F79EFBC}") = "Article3000", "Article3000\Article3000.csproj", "{14899090-F1EE-45EA-BA84-D2ABBAD679FD}"
EndProject
Global
	GlobalSection(SolutionConfigurationPlatforms) = preSolution
		Debug|Any CPU = Debug|Any CPU
		Release|Any CPU = Release|Any CPU
	EndGlobalSection
	GlobalSection(ProjectConfigurationPlatforms) = postSolution
		{14899090-F1EE-45EA-BA84-D2ABBAD679FD}.Debug|Any CPU.ActiveCfg = Debug|Any CPU
		{14899090-F1EE-45EA-BA84-D2ABBAD679FD}.Debug|Any CPU.Build.0 = Debug|Any CPU
		{14899090-F1EE-45EA-BA84-D2ABBAD679FD}.Release|Any CPU.ActiveCfg = Release|Any CPU
		{14899090-F1EE-45EA-BA84-D2ABBAD679FD}.Release|Any CPU.Build.0 = Release|Any CPU
	EndGlobalSection
	GlobalSection(SolutionProperties) = preSolution
		HideSolutionNode = FALSE
	EndGlobalSection
	GlobalSection(ExtensibilityGlobals) = postSolution
		SolutionGuid = {FB078795-6F7B-4F57-B59B-8CD1FB037878}
	EndGlobalSection
EndGlobal
